// !$*UTF8*$!
{
	archiveVersion = 1;
	classes = {
	};
	objectVersion = 51;
	objects = {

/* Begin PBXBuildFile section */
		241488C726519EA60028A685 /* APIClient.swift in Sources */ = {isa = PBXBuildFile; fileRef = 241488C626519EA50028A685 /* APIClient.swift */; };
		241488D42651BED70028A685 /* AuthReporitory.swift in Sources */ = {isa = PBXBuildFile; fileRef = 241488D32651BED60028A685 /* AuthReporitory.swift */; };
		241488DC2651C6AF0028A685 /* UserModel.swift in Sources */ = {isa = PBXBuildFile; fileRef = 241488DB2651C6AF0028A685 /* UserModel.swift */; };
		241C565C2667F3CE00DE41A5 /* ListingWebModel.swift in Sources */ = {isa = PBXBuildFile; fileRef = 241C565B2667F3CE00DE41A5 /* ListingWebModel.swift */; };
		241C565E2667F77400DE41A5 /* LisitngsRepository.swift in Sources */ = {isa = PBXBuildFile; fileRef = 241C565D2667F77400DE41A5 /* LisitngsRepository.swift */; };
		241C5662266925A500DE41A5 /* Listing.swift in Sources */ = {isa = PBXBuildFile; fileRef = 241C5661266925A500DE41A5 /* Listing.swift */; };
		241C5664266BD61B00DE41A5 /* Success.json in Resources */ = {isa = PBXBuildFile; fileRef = 241C5663266BD61B00DE41A5 /* Success.json */; };
		2426C661264E7368001F1883 /* BaseViewController.swift in Sources */ = {isa = PBXBuildFile; fileRef = 2426C660264E7368001F1883 /* BaseViewController.swift */; };
		2426C669264E7391001F1883 /* BaseViewModel.swift in Sources */ = {isa = PBXBuildFile; fileRef = 2426C668264E7391001F1883 /* BaseViewModel.swift */; };
		2437F2B4263483E000F53F86 /* AppDelegate.swift in Sources */ = {isa = PBXBuildFile; fileRef = 2437F2B3263483E000F53F86 /* AppDelegate.swift */; };
		2437F2B6263483E000F53F86 /* SceneDelegate.swift in Sources */ = {isa = PBXBuildFile; fileRef = 2437F2B5263483E000F53F86 /* SceneDelegate.swift */; };
		2437F2B8263483E000F53F86 /* SplashScreenVC.swift in Sources */ = {isa = PBXBuildFile; fileRef = 2437F2B7263483E000F53F86 /* SplashScreenVC.swift */; };
		2437F2BB263483E000F53F86 /* Launch.storyboard in Resources */ = {isa = PBXBuildFile; fileRef = 2437F2B9263483E000F53F86 /* Launch.storyboard */; };
		2437F2BD263483E500F53F86 /* Assets.xcassets in Resources */ = {isa = PBXBuildFile; fileRef = 2437F2BC263483E500F53F86 /* Assets.xcassets */; };
		2437F2C0263483E500F53F86 /* LaunchScreen.storyboard in Resources */ = {isa = PBXBuildFile; fileRef = 2437F2BE263483E500F53F86 /* LaunchScreen.storyboard */; };
		2437F2CB263483E600F53F86 /* Lets_get_thriftyTests.swift in Sources */ = {isa = PBXBuildFile; fileRef = 2437F2CA263483E600F53F86 /* Lets_get_thriftyTests.swift */; };
		2437F2D6263483E600F53F86 /* Lets_get_thriftyUITests.swift in Sources */ = {isa = PBXBuildFile; fileRef = 2437F2D5263483E600F53F86 /* Lets_get_thriftyUITests.swift */; };
		2437F31F2634AEBF00F53F86 /* Rocket_Launch_Lottie.json in Resources */ = {isa = PBXBuildFile; fileRef = 2437F31E2634AEBE00F53F86 /* Rocket_Launch_Lottie.json */; };
		2437F32D2634B98200F53F86 /* online_shopping_delivery_lottie.json in Resources */ = {isa = PBXBuildFile; fileRef = 2437F32C2634B98200F53F86 /* online_shopping_delivery_lottie.json */; };
		2437F33B263596E300F53F86 /* LoginOrSignUp.storyboard in Resources */ = {isa = PBXBuildFile; fileRef = 2437F33A263596E300F53F86 /* LoginOrSignUp.storyboard */; };
		2437F3432635B69B00F53F86 /* sneaker-outlined.json in Resources */ = {isa = PBXBuildFile; fileRef = 2437F3422635B69A00F53F86 /* sneaker-outlined.json */; };
		244BC4E72657F76A00D70129 /* CardView.xib in Resources */ = {isa = PBXBuildFile; fileRef = 244BC4E62657F76A00D70129 /* CardView.xib */; };
		244BC4EC2657F87400D70129 /* CardView.swift in Sources */ = {isa = PBXBuildFile; fileRef = 244BC4EB2657F87400D70129 /* CardView.swift */; };
		244BC4F126581ED100D70129 /* SwipableCardHelperClasses.swift in Sources */ = {isa = PBXBuildFile; fileRef = 244BC4F026581ED100D70129 /* SwipableCardHelperClasses.swift */; };
		244BC4F9265836CB00D70129 /* SwipeableCellModel.swift in Sources */ = {isa = PBXBuildFile; fileRef = 244BC4F8265836CB00D70129 /* SwipeableCellModel.swift */; };
		244BC4FE26583B8000D70129 /* SwipeableView.swift in Sources */ = {isa = PBXBuildFile; fileRef = 244BC4FD26583B8000D70129 /* SwipeableView.swift */; };
		244BC50426583BA000D70129 /* SwipeableCardView.swift in Sources */ = {isa = PBXBuildFile; fileRef = 244BC50226583BA000D70129 /* SwipeableCardView.swift */; };
		244BC50526583BA000D70129 /* SwipeableCardView.xib in Resources */ = {isa = PBXBuildFile; fileRef = 244BC50326583BA000D70129 /* SwipeableCardView.xib */; };
		244BC50A26583BF800D70129 /* NibView.swift in Sources */ = {isa = PBXBuildFile; fileRef = 244BC50926583BF800D70129 /* NibView.swift */; };
		244BC5392659385000D70129 /* CardSwipingViewController.swift in Sources */ = {isa = PBXBuildFile; fileRef = 244BC5382659385000D70129 /* CardSwipingViewController.swift */; };
		244BC53E265938D700D70129 /* CardSwipingViewModel.swift in Sources */ = {isa = PBXBuildFile; fileRef = 244BC53D265938D700D70129 /* CardSwipingViewModel.swift */; };
		244BC5492659414F00D70129 /* SwipeableCardViewContainer.swift in Sources */ = {isa = PBXBuildFile; fileRef = 244BC5482659414F00D70129 /* SwipeableCardViewContainer.swift */; };
		246510362657B70D00D060FA /* CustomTabBarControllerViewController.swift in Sources */ = {isa = PBXBuildFile; fileRef = 246510352657B70D00D060FA /* CustomTabBarControllerViewController.swift */; };
		24666D542665637600125230 /* AddYourAddressViewController.swift in Sources */ = {isa = PBXBuildFile; fileRef = 24666D532665637600125230 /* AddYourAddressViewController.swift */; };
		24666D562666B1CD00125230 /* ListingDetailsModel.swift in Sources */ = {isa = PBXBuildFile; fileRef = 24666D552666B1CC00125230 /* ListingDetailsModel.swift */; };
		24666D582666B25F00125230 /* AddYourAddressViewModel.swift in Sources */ = {isa = PBXBuildFile; fileRef = 24666D572666B25F00125230 /* AddYourAddressViewModel.swift */; };
		248C0FCD265EDC34002349AA /* BottomSheetController.swift in Sources */ = {isa = PBXBuildFile; fileRef = 248C0FCC265EDC34002349AA /* BottomSheetController.swift */; };
		248C0FCF265EE705002349AA /* UploadImageBottomSheetController.swift in Sources */ = {isa = PBXBuildFile; fileRef = 248C0FCE265EE705002349AA /* UploadImageBottomSheetController.swift */; };
		2493261E2640649A007FB424 /* LoginSignupViewController.swift in Sources */ = {isa = PBXBuildFile; fileRef = 2493261D2640649A007FB424 /* LoginSignupViewController.swift */; };
		249326712641E66B007FB424 /* GoogleService-Info.plist in Resources */ = {isa = PBXBuildFile; fileRef = 249326702641E66B007FB424 /* GoogleService-Info.plist */; };
		24A81380265C20790061CCFA /* SellYourListingViewController.swift in Sources */ = {isa = PBXBuildFile; fileRef = 24A8137F265C20790061CCFA /* SellYourListingViewController.swift */; };
		24A81388265C251A0061CCFA /* SellYourListingViewModel.swift in Sources */ = {isa = PBXBuildFile; fileRef = 24A81387265C251A0061CCFA /* SellYourListingViewModel.swift */; };
		24A8138D265C266E0061CCFA /* SellYourListingTableViewHeader.xib in Resources */ = {isa = PBXBuildFile; fileRef = 24A8138C265C266E0061CCFA /* SellYourListingTableViewHeader.xib */; };
		24A81392265C26C60061CCFA /* SellYourListingTableViewHeader.swift in Sources */ = {isa = PBXBuildFile; fileRef = 24A81391265C26C60061CCFA /* SellYourListingTableViewHeader.swift */; };
		24A81398265C46B00061CCFA /* YourListingsTableViewCell.swift in Sources */ = {isa = PBXBuildFile; fileRef = 24A81396265C46AF0061CCFA /* YourListingsTableViewCell.swift */; };
		24A81399265C46B00061CCFA /* YourListingsTableViewCell.xib in Resources */ = {isa = PBXBuildFile; fileRef = 24A81397265C46B00061CCFA /* YourListingsTableViewCell.xib */; };
		24A8139E265C5FA10061CCFA /* AddListingViewController.swift in Sources */ = {isa = PBXBuildFile; fileRef = 24A8139D265C5FA10061CCFA /* AddListingViewController.swift */; };
		24A813A3265C5FC90061CCFA /* AddListingViewModel.swift in Sources */ = {isa = PBXBuildFile; fileRef = 24A813A2265C5FC90061CCFA /* AddListingViewModel.swift */; };
		24C0D5302652E964008E398A /* LoginToken.swift in Sources */ = {isa = PBXBuildFile; fileRef = 24C0D52F2652E964008E398A /* LoginToken.swift */; };
		24C0D5352652EF3D008E398A /* SwiftExtensions.swift in Sources */ = {isa = PBXBuildFile; fileRef = 24C0D5342652EF3D008E398A /* SwiftExtensions.swift */; };
		24C0D53D26543222008E398A /* RootControllerManager.swift in Sources */ = {isa = PBXBuildFile; fileRef = 24C0D53C26543222008E398A /* RootControllerManager.swift */; };
		24C0D54226543B1B008E398A /* TabBarStoryboard.storyboard in Resources */ = {isa = PBXBuildFile; fileRef = 24C0D54126543B1A008E398A /* TabBarStoryboard.storyboard */; };
		24C0D54726543E08008E398A /* Home.storyboard in Resources */ = {isa = PBXBuildFile; fileRef = 24C0D54626543E08008E398A /* Home.storyboard */; };
		24C0D54C26543E1C008E398A /* Settings.storyboard in Resources */ = {isa = PBXBuildFile; fileRef = 24C0D54B26543E1C008E398A /* Settings.storyboard */; };
		24C0D55126543E2E008E398A /* Sell.storyboard in Resources */ = {isa = PBXBuildFile; fileRef = 24C0D55026543E2E008E398A /* Sell.storyboard */; };
		24C0D55626543E7F008E398A /* WishList.storyboard in Resources */ = {isa = PBXBuildFile; fileRef = 24C0D55526543E7F008E398A /* WishList.storyboard */; };
		24C0D55B26543EC1008E398A /* Swipe.storyboard in Resources */ = {isa = PBXBuildFile; fileRef = 24C0D55A26543EC1008E398A /* Swipe.storyboard */; };
		24E84047266E86D1008C589F /* AddListingNavigationController.swift in Sources */ = {isa = PBXBuildFile; fileRef = 24E84046266E86D1008C589F /* AddListingNavigationController.swift */; };
		24E84049266EA776008C589F /* GenericPaginationResponse.swift in Sources */ = {isa = PBXBuildFile; fileRef = 24E84048266EA776008C589F /* GenericPaginationResponse.swift */; };
		24E8404C266EAA5A008C589F /* SellYourListingTableViewCell.swift in Sources */ = {isa = PBXBuildFile; fileRef = 24E8404A266EAA5A008C589F /* SellYourListingTableViewCell.swift */; };
		24E8404D266EAA5A008C589F /* SellYourListingTableViewCell.xib in Resources */ = {isa = PBXBuildFile; fileRef = 24E8404B266EAA5A008C589F /* SellYourListingTableViewCell.xib */; };
		24FD6D5A264ECADD000FD454 /* WebserviceManager.swift in Sources */ = {isa = PBXBuildFile; fileRef = 24FD6D59264ECADD000FD454 /* WebserviceManager.swift */; };
		24FD6D5F264ED5CE000FD454 /* Constants.swift in Sources */ = {isa = PBXBuildFile; fileRef = 24FD6D5E264ED5CE000FD454 /* Constants.swift */; };
		24FD6D65264ED7C5000FD454 /* UserManager.swift in Sources */ = {isa = PBXBuildFile; fileRef = 24FD6D64264ED7C5000FD454 /* UserManager.swift */; };
		24FD6D6D264EF500000FD454 /* Helper.swift in Sources */ = {isa = PBXBuildFile; fileRef = 24FD6D6C264EF500000FD454 /* Helper.swift */; };
		24FD6D91264EF633000FD454 /* Loader.swift in Sources */ = {isa = PBXBuildFile; fileRef = 24FD6D90264EF633000FD454 /* Loader.swift */; };
		24FD6D99264EF6C1000FD454 /* Loader.json in Resources */ = {isa = PBXBuildFile; fileRef = 24FD6D98264EF6C1000FD454 /* Loader.json */; };
		24FD6DA1264EF916000FD454 /* Others.storyboard in Resources */ = {isa = PBXBuildFile; fileRef = 24FD6DA0264EF916000FD454 /* Others.storyboard */; };
		24FD6DA6264EF9E9000FD454 /* AlertViewController.swift in Sources */ = {isa = PBXBuildFile; fileRef = 24FD6DA5264EF9E9000FD454 /* AlertViewController.swift */; };
		24FD6DAB264F01B0000FD454 /* warning.json in Resources */ = {isa = PBXBuildFile; fileRef = 24FD6DAA264F01AF000FD454 /* warning.json */; };
		24FD6DB0264F01BF000FD454 /* error.json in Resources */ = {isa = PBXBuildFile; fileRef = 24FD6DAF264F01BE000FD454 /* error.json */; };
		24FD6DB5264F05A0000FD454 /* LoginSignupViewModel.swift in Sources */ = {isa = PBXBuildFile; fileRef = 24FD6DB4264F05A0000FD454 /* LoginSignupViewModel.swift */; };
		345A9A0E711BFA610A04EB10 /* Pods_Lets_get_thrifty.framework in Frameworks */ = {isa = PBXBuildFile; fileRef = CE66BB94FAE1A4E651FBA1EA /* Pods_Lets_get_thrifty.framework */; };
		48088745DA832A3D8DCD8353 /* Pods_Lets_get_thriftyTests.framework in Frameworks */ = {isa = PBXBuildFile; fileRef = 1F6AD591A4F42F95FC4E7C17 /* Pods_Lets_get_thriftyTests.framework */; };
		531682102687859200B7F662 /* SettingsViewController.swift in Sources */ = {isa = PBXBuildFile; fileRef = 5316820F2687859100B7F662 /* SettingsViewController.swift */; };
		53168218268A533900B7F662 /* SettingsViewModel.swift in Sources */ = {isa = PBXBuildFile; fileRef = 53168217268A533800B7F662 /* SettingsViewModel.swift */; };
		5316821A268BA43F00B7F662 /* LocalStorageManager.swift in Sources */ = {isa = PBXBuildFile; fileRef = 53168219268BA43E00B7F662 /* LocalStorageManager.swift */; };
		5316821C268BA98500B7F662 /* ImageCollectionViewCell.swift in Sources */ = {isa = PBXBuildFile; fileRef = 5316821B268BA98500B7F662 /* ImageCollectionViewCell.swift */; };
		5316821E268CF8FA00B7F662 /* HeroHelper.swift in Sources */ = {isa = PBXBuildFile; fileRef = 5316821D268CF8F700B7F662 /* HeroHelper.swift */; };
		5359077C267B3E33000EC804 /* MapAnnotation.swift in Sources */ = {isa = PBXBuildFile; fileRef = 5359077B267B3E33000EC804 /* MapAnnotation.swift */; };
		539047022679178700313DBE /* ListingViewController.swift in Sources */ = {isa = PBXBuildFile; fileRef = 539047012679178700313DBE /* ListingViewController.swift */; };
		53904704267917AE00313DBE /* ListingViewModel.swift in Sources */ = {isa = PBXBuildFile; fileRef = 53904703267917AE00313DBE /* ListingViewModel.swift */; };
		5C9CA7FB6347310191A4F5DF /* Pods_Lets_get_thrifty_Lets_get_thriftyUITests.framework in Frameworks */ = {isa = PBXBuildFile; fileRef = 3521E60A992DF585FC97B434 /* Pods_Lets_get_thrifty_Lets_get_thriftyUITests.framework */; };
/* End PBXBuildFile section */

/* Begin PBXContainerItemProxy section */
		2437F2C7263483E600F53F86 /* PBXContainerItemProxy */ = {
			isa = PBXContainerItemProxy;
			containerPortal = 2437F2A8263483E000F53F86 /* Project object */;
			proxyType = 1;
			remoteGlobalIDString = 2437F2AF263483E000F53F86;
			remoteInfo = "Lets get thrifty";
		};
		2437F2D2263483E600F53F86 /* PBXContainerItemProxy */ = {
			isa = PBXContainerItemProxy;
			containerPortal = 2437F2A8263483E000F53F86 /* Project object */;
			proxyType = 1;
			remoteGlobalIDString = 2437F2AF263483E000F53F86;
			remoteInfo = "Lets get thrifty";
		};
/* End PBXContainerItemProxy section */

/* Begin PBXFileReference section */
		1F6AD591A4F42F95FC4E7C17 /* Pods_Lets_get_thriftyTests.framework */ = {isa = PBXFileReference; explicitFileType = wrapper.framework; includeInIndex = 0; path = Pods_Lets_get_thriftyTests.framework; sourceTree = BUILT_PRODUCTS_DIR; };
		22569584020262CF24A429CA /* Pods-Lets get thriftyTests.debug.xcconfig */ = {isa = PBXFileReference; includeInIndex = 1; lastKnownFileType = text.xcconfig; name = "Pods-Lets get thriftyTests.debug.xcconfig"; path = "Target Support Files/Pods-Lets get thriftyTests/Pods-Lets get thriftyTests.debug.xcconfig"; sourceTree = "<group>"; };
		241488C626519EA50028A685 /* APIClient.swift */ = {isa = PBXFileReference; lastKnownFileType = sourcecode.swift; path = APIClient.swift; sourceTree = "<group>"; };
		241488D32651BED60028A685 /* AuthReporitory.swift */ = {isa = PBXFileReference; lastKnownFileType = sourcecode.swift; path = AuthReporitory.swift; sourceTree = "<group>"; };
		241488DB2651C6AF0028A685 /* UserModel.swift */ = {isa = PBXFileReference; lastKnownFileType = sourcecode.swift; path = UserModel.swift; sourceTree = "<group>"; };
		241C565B2667F3CE00DE41A5 /* ListingWebModel.swift */ = {isa = PBXFileReference; lastKnownFileType = sourcecode.swift; path = ListingWebModel.swift; sourceTree = "<group>"; };
		241C565D2667F77400DE41A5 /* LisitngsRepository.swift */ = {isa = PBXFileReference; lastKnownFileType = sourcecode.swift; path = LisitngsRepository.swift; sourceTree = "<group>"; };
		241C5661266925A500DE41A5 /* Listing.swift */ = {isa = PBXFileReference; fileEncoding = 4; lastKnownFileType = sourcecode.swift; path = Listing.swift; sourceTree = "<group>"; };
		241C5663266BD61B00DE41A5 /* Success.json */ = {isa = PBXFileReference; fileEncoding = 4; lastKnownFileType = text.json; path = Success.json; sourceTree = "<group>"; };
		2426C660264E7368001F1883 /* BaseViewController.swift */ = {isa = PBXFileReference; lastKnownFileType = sourcecode.swift; path = BaseViewController.swift; sourceTree = "<group>"; };
		2426C668264E7391001F1883 /* BaseViewModel.swift */ = {isa = PBXFileReference; lastKnownFileType = sourcecode.swift; path = BaseViewModel.swift; sourceTree = "<group>"; };
		2437F2B0263483E000F53F86 /* Lets get thrifty.app */ = {isa = PBXFileReference; explicitFileType = wrapper.application; includeInIndex = 0; path = "Lets get thrifty.app"; sourceTree = BUILT_PRODUCTS_DIR; };
		2437F2B3263483E000F53F86 /* AppDelegate.swift */ = {isa = PBXFileReference; lastKnownFileType = sourcecode.swift; path = AppDelegate.swift; sourceTree = "<group>"; };
		2437F2B5263483E000F53F86 /* SceneDelegate.swift */ = {isa = PBXFileReference; lastKnownFileType = sourcecode.swift; path = SceneDelegate.swift; sourceTree = "<group>"; };
		2437F2B7263483E000F53F86 /* SplashScreenVC.swift */ = {isa = PBXFileReference; lastKnownFileType = sourcecode.swift; path = SplashScreenVC.swift; sourceTree = "<group>"; };
		2437F2BA263483E000F53F86 /* Base */ = {isa = PBXFileReference; lastKnownFileType = file.storyboard; name = Base; path = Base.lproj/Launch.storyboard; sourceTree = "<group>"; };
		2437F2BC263483E500F53F86 /* Assets.xcassets */ = {isa = PBXFileReference; lastKnownFileType = folder.assetcatalog; path = Assets.xcassets; sourceTree = "<group>"; };
		2437F2BF263483E500F53F86 /* Base */ = {isa = PBXFileReference; lastKnownFileType = file.storyboard; name = Base; path = Base.lproj/LaunchScreen.storyboard; sourceTree = "<group>"; };
		2437F2C1263483E500F53F86 /* Info.plist */ = {isa = PBXFileReference; lastKnownFileType = text.plist.xml; path = Info.plist; sourceTree = "<group>"; };
		2437F2C6263483E600F53F86 /* Lets get thriftyTests.xctest */ = {isa = PBXFileReference; explicitFileType = wrapper.cfbundle; includeInIndex = 0; path = "Lets get thriftyTests.xctest"; sourceTree = BUILT_PRODUCTS_DIR; };
		2437F2CA263483E600F53F86 /* Lets_get_thriftyTests.swift */ = {isa = PBXFileReference; lastKnownFileType = sourcecode.swift; path = Lets_get_thriftyTests.swift; sourceTree = "<group>"; };
		2437F2CC263483E600F53F86 /* Info.plist */ = {isa = PBXFileReference; lastKnownFileType = text.plist.xml; path = Info.plist; sourceTree = "<group>"; };
		2437F2D1263483E600F53F86 /* Lets get thriftyUITests.xctest */ = {isa = PBXFileReference; explicitFileType = wrapper.cfbundle; includeInIndex = 0; path = "Lets get thriftyUITests.xctest"; sourceTree = BUILT_PRODUCTS_DIR; };
		2437F2D5263483E600F53F86 /* Lets_get_thriftyUITests.swift */ = {isa = PBXFileReference; lastKnownFileType = sourcecode.swift; path = Lets_get_thriftyUITests.swift; sourceTree = "<group>"; };
		2437F2D7263483E600F53F86 /* Info.plist */ = {isa = PBXFileReference; lastKnownFileType = text.plist.xml; path = Info.plist; sourceTree = "<group>"; };
		2437F31E2634AEBE00F53F86 /* Rocket_Launch_Lottie.json */ = {isa = PBXFileReference; fileEncoding = 4; lastKnownFileType = text.json; path = Rocket_Launch_Lottie.json; sourceTree = "<group>"; };
		2437F32C2634B98200F53F86 /* online_shopping_delivery_lottie.json */ = {isa = PBXFileReference; fileEncoding = 4; lastKnownFileType = text.json; path = online_shopping_delivery_lottie.json; sourceTree = "<group>"; };
		2437F33A263596E300F53F86 /* LoginOrSignUp.storyboard */ = {isa = PBXFileReference; lastKnownFileType = file.storyboard; path = LoginOrSignUp.storyboard; sourceTree = "<group>"; };
		2437F3422635B69A00F53F86 /* sneaker-outlined.json */ = {isa = PBXFileReference; fileEncoding = 4; lastKnownFileType = text.json; path = "sneaker-outlined.json"; sourceTree = "<group>"; };
		244BC4E62657F76A00D70129 /* CardView.xib */ = {isa = PBXFileReference; lastKnownFileType = file.xib; path = CardView.xib; sourceTree = "<group>"; };
		244BC4EB2657F87400D70129 /* CardView.swift */ = {isa = PBXFileReference; lastKnownFileType = sourcecode.swift; path = CardView.swift; sourceTree = "<group>"; };
		244BC4F026581ED100D70129 /* SwipableCardHelperClasses.swift */ = {isa = PBXFileReference; lastKnownFileType = sourcecode.swift; path = SwipableCardHelperClasses.swift; sourceTree = "<group>"; };
		244BC4F8265836CB00D70129 /* SwipeableCellModel.swift */ = {isa = PBXFileReference; fileEncoding = 4; lastKnownFileType = sourcecode.swift; path = SwipeableCellModel.swift; sourceTree = "<group>"; };
		244BC4FD26583B8000D70129 /* SwipeableView.swift */ = {isa = PBXFileReference; fileEncoding = 4; lastKnownFileType = sourcecode.swift; path = SwipeableView.swift; sourceTree = "<group>"; };
		244BC50226583BA000D70129 /* SwipeableCardView.swift */ = {isa = PBXFileReference; fileEncoding = 4; lastKnownFileType = sourcecode.swift; path = SwipeableCardView.swift; sourceTree = "<group>"; };
		244BC50326583BA000D70129 /* SwipeableCardView.xib */ = {isa = PBXFileReference; fileEncoding = 4; lastKnownFileType = file.xib; path = SwipeableCardView.xib; sourceTree = "<group>"; };
		244BC50926583BF800D70129 /* NibView.swift */ = {isa = PBXFileReference; fileEncoding = 4; lastKnownFileType = sourcecode.swift; path = NibView.swift; sourceTree = "<group>"; };
		244BC5382659385000D70129 /* CardSwipingViewController.swift */ = {isa = PBXFileReference; lastKnownFileType = sourcecode.swift; path = CardSwipingViewController.swift; sourceTree = "<group>"; };
		244BC53D265938D700D70129 /* CardSwipingViewModel.swift */ = {isa = PBXFileReference; lastKnownFileType = sourcecode.swift; path = CardSwipingViewModel.swift; sourceTree = "<group>"; };
		244BC5482659414F00D70129 /* SwipeableCardViewContainer.swift */ = {isa = PBXFileReference; fileEncoding = 4; lastKnownFileType = sourcecode.swift; path = SwipeableCardViewContainer.swift; sourceTree = "<group>"; };
		246510352657B70D00D060FA /* CustomTabBarControllerViewController.swift */ = {isa = PBXFileReference; lastKnownFileType = sourcecode.swift; path = CustomTabBarControllerViewController.swift; sourceTree = "<group>"; };
		24666D532665637600125230 /* AddYourAddressViewController.swift */ = {isa = PBXFileReference; lastKnownFileType = sourcecode.swift; path = AddYourAddressViewController.swift; sourceTree = "<group>"; };
		24666D552666B1CC00125230 /* ListingDetailsModel.swift */ = {isa = PBXFileReference; lastKnownFileType = sourcecode.swift; path = ListingDetailsModel.swift; sourceTree = "<group>"; };
		24666D572666B25F00125230 /* AddYourAddressViewModel.swift */ = {isa = PBXFileReference; lastKnownFileType = sourcecode.swift; path = AddYourAddressViewModel.swift; sourceTree = "<group>"; };
		248C0FCC265EDC34002349AA /* BottomSheetController.swift */ = {isa = PBXFileReference; lastKnownFileType = sourcecode.swift; path = BottomSheetController.swift; sourceTree = "<group>"; };
		248C0FCE265EE705002349AA /* UploadImageBottomSheetController.swift */ = {isa = PBXFileReference; lastKnownFileType = sourcecode.swift; path = UploadImageBottomSheetController.swift; sourceTree = "<group>"; };
		2493261D2640649A007FB424 /* LoginSignupViewController.swift */ = {isa = PBXFileReference; lastKnownFileType = sourcecode.swift; path = LoginSignupViewController.swift; sourceTree = "<group>"; };
		249326702641E66B007FB424 /* GoogleService-Info.plist */ = {isa = PBXFileReference; fileEncoding = 4; lastKnownFileType = text.plist.xml; path = "GoogleService-Info.plist"; sourceTree = "<group>"; };
		24A8137F265C20790061CCFA /* SellYourListingViewController.swift */ = {isa = PBXFileReference; lastKnownFileType = sourcecode.swift; path = SellYourListingViewController.swift; sourceTree = "<group>"; };
		24A81387265C251A0061CCFA /* SellYourListingViewModel.swift */ = {isa = PBXFileReference; lastKnownFileType = sourcecode.swift; path = SellYourListingViewModel.swift; sourceTree = "<group>"; };
		24A8138C265C266E0061CCFA /* SellYourListingTableViewHeader.xib */ = {isa = PBXFileReference; lastKnownFileType = file.xib; path = SellYourListingTableViewHeader.xib; sourceTree = "<group>"; };
		24A81391265C26C60061CCFA /* SellYourListingTableViewHeader.swift */ = {isa = PBXFileReference; lastKnownFileType = sourcecode.swift; path = SellYourListingTableViewHeader.swift; sourceTree = "<group>"; };
		24A81396265C46AF0061CCFA /* YourListingsTableViewCell.swift */ = {isa = PBXFileReference; lastKnownFileType = sourcecode.swift; path = YourListingsTableViewCell.swift; sourceTree = "<group>"; };
		24A81397265C46B00061CCFA /* YourListingsTableViewCell.xib */ = {isa = PBXFileReference; lastKnownFileType = file.xib; path = YourListingsTableViewCell.xib; sourceTree = "<group>"; };
		24A8139D265C5FA10061CCFA /* AddListingViewController.swift */ = {isa = PBXFileReference; lastKnownFileType = sourcecode.swift; path = AddListingViewController.swift; sourceTree = "<group>"; };
		24A813A2265C5FC90061CCFA /* AddListingViewModel.swift */ = {isa = PBXFileReference; lastKnownFileType = sourcecode.swift; path = AddListingViewModel.swift; sourceTree = "<group>"; };
		24C0D52F2652E964008E398A /* LoginToken.swift */ = {isa = PBXFileReference; lastKnownFileType = sourcecode.swift; path = LoginToken.swift; sourceTree = "<group>"; };
		24C0D5342652EF3D008E398A /* SwiftExtensions.swift */ = {isa = PBXFileReference; lastKnownFileType = sourcecode.swift; path = SwiftExtensions.swift; sourceTree = "<group>"; };
		24C0D53C26543222008E398A /* RootControllerManager.swift */ = {isa = PBXFileReference; lastKnownFileType = sourcecode.swift; path = RootControllerManager.swift; sourceTree = "<group>"; };
		24C0D54126543B1A008E398A /* TabBarStoryboard.storyboard */ = {isa = PBXFileReference; lastKnownFileType = file.storyboard; path = TabBarStoryboard.storyboard; sourceTree = "<group>"; };
		24C0D54626543E08008E398A /* Home.storyboard */ = {isa = PBXFileReference; lastKnownFileType = file.storyboard; path = Home.storyboard; sourceTree = "<group>"; };
		24C0D54B26543E1C008E398A /* Settings.storyboard */ = {isa = PBXFileReference; lastKnownFileType = file.storyboard; path = Settings.storyboard; sourceTree = "<group>"; };
		24C0D55026543E2E008E398A /* Sell.storyboard */ = {isa = PBXFileReference; lastKnownFileType = file.storyboard; path = Sell.storyboard; sourceTree = "<group>"; };
		24C0D55526543E7F008E398A /* WishList.storyboard */ = {isa = PBXFileReference; lastKnownFileType = file.storyboard; path = WishList.storyboard; sourceTree = "<group>"; };
		24C0D55A26543EC1008E398A /* Swipe.storyboard */ = {isa = PBXFileReference; lastKnownFileType = file.storyboard; path = Swipe.storyboard; sourceTree = "<group>"; };
		24E84046266E86D1008C589F /* AddListingNavigationController.swift */ = {isa = PBXFileReference; lastKnownFileType = sourcecode.swift; path = AddListingNavigationController.swift; sourceTree = "<group>"; };
		24E84048266EA776008C589F /* GenericPaginationResponse.swift */ = {isa = PBXFileReference; lastKnownFileType = sourcecode.swift; path = GenericPaginationResponse.swift; sourceTree = "<group>"; };
		24E8404A266EAA5A008C589F /* SellYourListingTableViewCell.swift */ = {isa = PBXFileReference; lastKnownFileType = sourcecode.swift; path = SellYourListingTableViewCell.swift; sourceTree = "<group>"; };
		24E8404B266EAA5A008C589F /* SellYourListingTableViewCell.xib */ = {isa = PBXFileReference; lastKnownFileType = file.xib; path = SellYourListingTableViewCell.xib; sourceTree = "<group>"; };
		24FD6D59264ECADD000FD454 /* WebserviceManager.swift */ = {isa = PBXFileReference; lastKnownFileType = sourcecode.swift; path = WebserviceManager.swift; sourceTree = "<group>"; };
		24FD6D5E264ED5CE000FD454 /* Constants.swift */ = {isa = PBXFileReference; lastKnownFileType = sourcecode.swift; path = Constants.swift; sourceTree = "<group>"; };
		24FD6D64264ED7C5000FD454 /* UserManager.swift */ = {isa = PBXFileReference; lastKnownFileType = sourcecode.swift; path = UserManager.swift; sourceTree = "<group>"; };
		24FD6D6C264EF500000FD454 /* Helper.swift */ = {isa = PBXFileReference; lastKnownFileType = sourcecode.swift; path = Helper.swift; sourceTree = "<group>"; };
		24FD6D90264EF633000FD454 /* Loader.swift */ = {isa = PBXFileReference; lastKnownFileType = sourcecode.swift; path = Loader.swift; sourceTree = "<group>"; };
		24FD6D98264EF6C1000FD454 /* Loader.json */ = {isa = PBXFileReference; fileEncoding = 4; lastKnownFileType = text.json; path = Loader.json; sourceTree = "<group>"; };
		24FD6DA0264EF916000FD454 /* Others.storyboard */ = {isa = PBXFileReference; lastKnownFileType = file.storyboard; path = Others.storyboard; sourceTree = "<group>"; };
		24FD6DA5264EF9E9000FD454 /* AlertViewController.swift */ = {isa = PBXFileReference; lastKnownFileType = sourcecode.swift; path = AlertViewController.swift; sourceTree = "<group>"; };
		24FD6DAA264F01AF000FD454 /* warning.json */ = {isa = PBXFileReference; fileEncoding = 4; lastKnownFileType = text.json; path = warning.json; sourceTree = "<group>"; };
		24FD6DAF264F01BE000FD454 /* error.json */ = {isa = PBXFileReference; fileEncoding = 4; lastKnownFileType = text.json; path = error.json; sourceTree = "<group>"; };
		24FD6DB4264F05A0000FD454 /* LoginSignupViewModel.swift */ = {isa = PBXFileReference; lastKnownFileType = sourcecode.swift; path = LoginSignupViewModel.swift; sourceTree = "<group>"; };
		277CAB691D356B616E30CC79 /* Pods-Lets get thriftyTests.release.xcconfig */ = {isa = PBXFileReference; includeInIndex = 1; lastKnownFileType = text.xcconfig; name = "Pods-Lets get thriftyTests.release.xcconfig"; path = "Target Support Files/Pods-Lets get thriftyTests/Pods-Lets get thriftyTests.release.xcconfig"; sourceTree = "<group>"; };
		3521E60A992DF585FC97B434 /* Pods_Lets_get_thrifty_Lets_get_thriftyUITests.framework */ = {isa = PBXFileReference; explicitFileType = wrapper.framework; includeInIndex = 0; path = Pods_Lets_get_thrifty_Lets_get_thriftyUITests.framework; sourceTree = BUILT_PRODUCTS_DIR; };
		5316820F2687859100B7F662 /* SettingsViewController.swift */ = {isa = PBXFileReference; lastKnownFileType = sourcecode.swift; path = SettingsViewController.swift; sourceTree = "<group>"; };
		53168217268A533800B7F662 /* SettingsViewModel.swift */ = {isa = PBXFileReference; lastKnownFileType = sourcecode.swift; path = SettingsViewModel.swift; sourceTree = "<group>"; };
		53168219268BA43E00B7F662 /* LocalStorageManager.swift */ = {isa = PBXFileReference; lastKnownFileType = sourcecode.swift; path = LocalStorageManager.swift; sourceTree = "<group>"; };
		5316821B268BA98500B7F662 /* ImageCollectionViewCell.swift */ = {isa = PBXFileReference; lastKnownFileType = sourcecode.swift; path = ImageCollectionViewCell.swift; sourceTree = "<group>"; };
		5316821D268CF8F700B7F662 /* HeroHelper.swift */ = {isa = PBXFileReference; fileEncoding = 4; lastKnownFileType = sourcecode.swift; path = HeroHelper.swift; sourceTree = "<group>"; };
		5359077B267B3E33000EC804 /* MapAnnotation.swift */ = {isa = PBXFileReference; lastKnownFileType = sourcecode.swift; path = MapAnnotation.swift; sourceTree = "<group>"; };
		539047012679178700313DBE /* ListingViewController.swift */ = {isa = PBXFileReference; lastKnownFileType = sourcecode.swift; path = ListingViewController.swift; sourceTree = "<group>"; };
		53904703267917AE00313DBE /* ListingViewModel.swift */ = {isa = PBXFileReference; lastKnownFileType = sourcecode.swift; path = ListingViewModel.swift; sourceTree = "<group>"; };
		590155939E8703313D182808 /* Pods-Lets get thrifty.debug.xcconfig */ = {isa = PBXFileReference; includeInIndex = 1; lastKnownFileType = text.xcconfig; name = "Pods-Lets get thrifty.debug.xcconfig"; path = "Target Support Files/Pods-Lets get thrifty/Pods-Lets get thrifty.debug.xcconfig"; sourceTree = "<group>"; };
		9E6232C25A90F81E9670D49A /* Pods-Lets get thrifty.release.xcconfig */ = {isa = PBXFileReference; includeInIndex = 1; lastKnownFileType = text.xcconfig; name = "Pods-Lets get thrifty.release.xcconfig"; path = "Target Support Files/Pods-Lets get thrifty/Pods-Lets get thrifty.release.xcconfig"; sourceTree = "<group>"; };
		CE66BB94FAE1A4E651FBA1EA /* Pods_Lets_get_thrifty.framework */ = {isa = PBXFileReference; explicitFileType = wrapper.framework; includeInIndex = 0; path = Pods_Lets_get_thrifty.framework; sourceTree = BUILT_PRODUCTS_DIR; };
		DE2869436D619C97BBCBE397 /* Pods-Lets get thrifty-Lets get thriftyUITests.debug.xcconfig */ = {isa = PBXFileReference; includeInIndex = 1; lastKnownFileType = text.xcconfig; name = "Pods-Lets get thrifty-Lets get thriftyUITests.debug.xcconfig"; path = "Target Support Files/Pods-Lets get thrifty-Lets get thriftyUITests/Pods-Lets get thrifty-Lets get thriftyUITests.debug.xcconfig"; sourceTree = "<group>"; };
		E6CB70AF31ED45FC6B5CEA6E /* Pods-Lets get thrifty-Lets get thriftyUITests.release.xcconfig */ = {isa = PBXFileReference; includeInIndex = 1; lastKnownFileType = text.xcconfig; name = "Pods-Lets get thrifty-Lets get thriftyUITests.release.xcconfig"; path = "Target Support Files/Pods-Lets get thrifty-Lets get thriftyUITests/Pods-Lets get thrifty-Lets get thriftyUITests.release.xcconfig"; sourceTree = "<group>"; };
/* End PBXFileReference section */

/* Begin PBXFrameworksBuildPhase section */
		2437F2AD263483E000F53F86 /* Frameworks */ = {
			isa = PBXFrameworksBuildPhase;
			buildActionMask = 2147483647;
			files = (
				345A9A0E711BFA610A04EB10 /* Pods_Lets_get_thrifty.framework in Frameworks */,
			);
			runOnlyForDeploymentPostprocessing = 0;
		};
		2437F2C3263483E600F53F86 /* Frameworks */ = {
			isa = PBXFrameworksBuildPhase;
			buildActionMask = 2147483647;
			files = (
				48088745DA832A3D8DCD8353 /* Pods_Lets_get_thriftyTests.framework in Frameworks */,
			);
			runOnlyForDeploymentPostprocessing = 0;
		};
		2437F2CE263483E600F53F86 /* Frameworks */ = {
			isa = PBXFrameworksBuildPhase;
			buildActionMask = 2147483647;
			files = (
				5C9CA7FB6347310191A4F5DF /* Pods_Lets_get_thrifty_Lets_get_thriftyUITests.framework in Frameworks */,
			);
			runOnlyForDeploymentPostprocessing = 0;
		};
/* End PBXFrameworksBuildPhase section */

/* Begin PBXGroup section */
		241488CB26519EBA0028A685 /* Network */ = {
			isa = PBXGroup;
			children = (
				241488D22651BCA60028A685 /* Repositories */,
				24FD6D59264ECADD000FD454 /* WebserviceManager.swift */,
				241488C626519EA50028A685 /* APIClient.swift */,
			);
			path = Network;
			sourceTree = "<group>";
		};
		241488D22651BCA60028A685 /* Repositories */ = {
			isa = PBXGroup;
			children = (
				241488D32651BED60028A685 /* AuthReporitory.swift */,
				241C565D2667F77400DE41A5 /* LisitngsRepository.swift */,
			);
			path = Repositories;
			sourceTree = "<group>";
		};
		2426C650264E70A3001F1883 /* lottie_files */ = {
			isa = PBXGroup;
			children = (
				241C5663266BD61B00DE41A5 /* Success.json */,
				24FD6DAF264F01BE000FD454 /* error.json */,
				24FD6DAA264F01AF000FD454 /* warning.json */,
				24FD6D98264EF6C1000FD454 /* Loader.json */,
				2437F3422635B69A00F53F86 /* sneaker-outlined.json */,
				2437F32C2634B98200F53F86 /* online_shopping_delivery_lottie.json */,
				2437F31E2634AEBE00F53F86 /* Rocket_Launch_Lottie.json */,
			);
			path = lottie_files;
			sourceTree = "<group>";
		};
		2426C651264E70C1001F1883 /* plist */ = {
			isa = PBXGroup;
			children = (
				2437F2C1263483E500F53F86 /* Info.plist */,
				249326702641E66B007FB424 /* GoogleService-Info.plist */,
			);
			path = plist;
			sourceTree = "<group>";
		};
		2426C652264E70E2001F1883 /* App Start */ = {
			isa = PBXGroup;
			children = (
				2437F2B5263483E000F53F86 /* SceneDelegate.swift */,
				2437F2B3263483E000F53F86 /* AppDelegate.swift */,
			);
			path = "App Start";
			sourceTree = "<group>";
		};
		2426C653264E710E001F1883 /* LaunchScreen */ = {
			isa = PBXGroup;
			children = (
				2437F2B9263483E000F53F86 /* Launch.storyboard */,
				2437F2BE263483E500F53F86 /* LaunchScreen.storyboard */,
				2437F2B7263483E000F53F86 /* SplashScreenVC.swift */,
			);
			path = LaunchScreen;
			sourceTree = "<group>";
		};
		2426C65A264E72C7001F1883 /* MVVM */ = {
			isa = PBXGroup;
			children = (
				24FD6D8F264EF626000FD454 /* Views */,
				2426C65D264E72ED001F1883 /* View Controllers */,
				2426C65C264E72E2001F1883 /* View Models */,
				2426C65B264E72D7001F1883 /* Models */,
			);
			path = MVVM;
			sourceTree = "<group>";
		};
		2426C65B264E72D7001F1883 /* Models */ = {
			isa = PBXGroup;
			children = (
				241488DB2651C6AF0028A685 /* UserModel.swift */,
				24C0D52F2652E964008E398A /* LoginToken.swift */,
				24666D552666B1CC00125230 /* ListingDetailsModel.swift */,
				241C565B2667F3CE00DE41A5 /* ListingWebModel.swift */,
				241C5661266925A500DE41A5 /* Listing.swift */,
				24E84048266EA776008C589F /* GenericPaginationResponse.swift */,
				5359077B267B3E33000EC804 /* MapAnnotation.swift */,
			);
			path = Models;
			sourceTree = "<group>";
		};
		2426C65C264E72E2001F1883 /* View Models */ = {
			isa = PBXGroup;
			children = (
				244BC4F8265836CB00D70129 /* SwipeableCellModel.swift */,
				2426C668264E7391001F1883 /* BaseViewModel.swift */,
				24FD6DB4264F05A0000FD454 /* LoginSignupViewModel.swift */,
				244BC53D265938D700D70129 /* CardSwipingViewModel.swift */,
				24A81387265C251A0061CCFA /* SellYourListingViewModel.swift */,
				24A813A2265C5FC90061CCFA /* AddListingViewModel.swift */,
				24666D572666B25F00125230 /* AddYourAddressViewModel.swift */,
				53904703267917AE00313DBE /* ListingViewModel.swift */,
				53168217268A533800B7F662 /* SettingsViewModel.swift */,
			);
			path = "View Models";
			sourceTree = "<group>";
		};
		2426C65D264E72ED001F1883 /* View Controllers */ = {
			isa = PBXGroup;
			children = (
				2493261D2640649A007FB424 /* LoginSignupViewController.swift */,
				2426C660264E7368001F1883 /* BaseViewController.swift */,
				244BC5382659385000D70129 /* CardSwipingViewController.swift */,
				24FD6DA5264EF9E9000FD454 /* AlertViewController.swift */,
				246510352657B70D00D060FA /* CustomTabBarControllerViewController.swift */,
				24A8137F265C20790061CCFA /* SellYourListingViewController.swift */,
				24A8139D265C5FA10061CCFA /* AddListingViewController.swift */,
				248C0FCC265EDC34002349AA /* BottomSheetController.swift */,
				248C0FCE265EE705002349AA /* UploadImageBottomSheetController.swift */,
				24666D532665637600125230 /* AddYourAddressViewController.swift */,
				24E84046266E86D1008C589F /* AddListingNavigationController.swift */,
				539047012679178700313DBE /* ListingViewController.swift */,
				5316820F2687859100B7F662 /* SettingsViewController.swift */,
			);
			path = "View Controllers";
			sourceTree = "<group>";
		};
		2426C65E264E7315001F1883 /* Resourses */ = {
			isa = PBXGroup;
			children = (
				2426C650264E70A3001F1883 /* lottie_files */,
				2437F2BC263483E500F53F86 /* Assets.xcassets */,
			);
			path = Resourses;
			sourceTree = "<group>";
		};
		2426C65F264E733B001F1883 /* Storyboards */ = {
			isa = PBXGroup;
			children = (
				2437F33A263596E300F53F86 /* LoginOrSignUp.storyboard */,
				24FD6DA0264EF916000FD454 /* Others.storyboard */,
				24C0D54126543B1A008E398A /* TabBarStoryboard.storyboard */,
				24C0D54626543E08008E398A /* Home.storyboard */,
				24C0D54B26543E1C008E398A /* Settings.storyboard */,
				24C0D55026543E2E008E398A /* Sell.storyboard */,
				24C0D55526543E7F008E398A /* WishList.storyboard */,
				24C0D55A26543EC1008E398A /* Swipe.storyboard */,
			);
			path = Storyboards;
			sourceTree = "<group>";
		};
		2437F2A7263483E000F53F86 = {
			isa = PBXGroup;
			children = (
				2437F2B2263483E000F53F86 /* Lets get thrifty */,
				2437F2C9263483E600F53F86 /* Lets get thriftyTests */,
				2437F2D4263483E600F53F86 /* Lets get thriftyUITests */,
				2437F2B1263483E000F53F86 /* Products */,
				86FA0278985C9428CAC52AE5 /* Pods */,
				2E714CC66DA208410D62B0A8 /* Frameworks */,
			);
			sourceTree = "<group>";
		};
		2437F2B1263483E000F53F86 /* Products */ = {
			isa = PBXGroup;
			children = (
				2437F2B0263483E000F53F86 /* Lets get thrifty.app */,
				2437F2C6263483E600F53F86 /* Lets get thriftyTests.xctest */,
				2437F2D1263483E600F53F86 /* Lets get thriftyUITests.xctest */,
			);
			name = Products;
			sourceTree = "<group>";
		};
		2437F2B2263483E000F53F86 /* Lets get thrifty */ = {
			isa = PBXGroup;
			children = (
				241488CB26519EBA0028A685 /* Network */,
				24FD6D58264ECA16000FD454 /* Helpers */,
				2426C65E264E7315001F1883 /* Resourses */,
				2426C65A264E72C7001F1883 /* MVVM */,
				2426C652264E70E2001F1883 /* App Start */,
				2426C653264E710E001F1883 /* LaunchScreen */,
				2426C651264E70C1001F1883 /* plist */,
			);
			path = "Lets get thrifty";
			sourceTree = "<group>";
		};
		2437F2C9263483E600F53F86 /* Lets get thriftyTests */ = {
			isa = PBXGroup;
			children = (
				2437F2CA263483E600F53F86 /* Lets_get_thriftyTests.swift */,
				2437F2CC263483E600F53F86 /* Info.plist */,
			);
			path = "Lets get thriftyTests";
			sourceTree = "<group>";
		};
		2437F2D4263483E600F53F86 /* Lets get thriftyUITests */ = {
			isa = PBXGroup;
			children = (
				2437F2D5263483E600F53F86 /* Lets_get_thriftyUITests.swift */,
				2437F2D7263483E600F53F86 /* Info.plist */,
			);
			path = "Lets get thriftyUITests";
			sourceTree = "<group>";
		};
		24FD6D58264ECA16000FD454 /* Helpers */ = {
			isa = PBXGroup;
			children = (
				24FD6D63264ED7B0000FD454 /* Singletons */,
				5316821D268CF8F700B7F662 /* HeroHelper.swift */,
				24FD6D5E264ED5CE000FD454 /* Constants.swift */,
				24FD6D6C264EF500000FD454 /* Helper.swift */,
				24C0D5342652EF3D008E398A /* SwiftExtensions.swift */,
				244BC4F026581ED100D70129 /* SwipableCardHelperClasses.swift */,
			);
			path = Helpers;
			sourceTree = "<group>";
		};
		24FD6D63264ED7B0000FD454 /* Singletons */ = {
			isa = PBXGroup;
			children = (
				24FD6D64264ED7C5000FD454 /* UserManager.swift */,
				24C0D53C26543222008E398A /* RootControllerManager.swift */,
				53168219268BA43E00B7F662 /* LocalStorageManager.swift */,
			);
			path = Singletons;
			sourceTree = "<group>";
		};
		24FD6D8F264EF626000FD454 /* Views */ = {
			isa = PBXGroup;
			children = (
				5316820E2687848D00B7F662 /* XIBs */,
				2426C65F264E733B001F1883 /* Storyboards */,
				24FD6D90264EF633000FD454 /* Loader.swift */,
				244BC4EB2657F87400D70129 /* CardView.swift */,
				244BC5482659414F00D70129 /* SwipeableCardViewContainer.swift */,
				244BC50926583BF800D70129 /* NibView.swift */,
				244BC50226583BA000D70129 /* SwipeableCardView.swift */,
				244BC4FD26583B8000D70129 /* SwipeableView.swift */,
				24A81391265C26C60061CCFA /* SellYourListingTableViewHeader.swift */,
				24A81396265C46AF0061CCFA /* YourListingsTableViewCell.swift */,
				24E8404A266EAA5A008C589F /* SellYourListingTableViewCell.swift */,
				5316821B268BA98500B7F662 /* ImageCollectionViewCell.swift */,
			);
			path = Views;
			sourceTree = "<group>";
		};
		2E714CC66DA208410D62B0A8 /* Frameworks */ = {
			isa = PBXGroup;
			children = (
				CE66BB94FAE1A4E651FBA1EA /* Pods_Lets_get_thrifty.framework */,
				3521E60A992DF585FC97B434 /* Pods_Lets_get_thrifty_Lets_get_thriftyUITests.framework */,
				1F6AD591A4F42F95FC4E7C17 /* Pods_Lets_get_thriftyTests.framework */,
			);
			name = Frameworks;
			sourceTree = "<group>";
		};
		5316820E2687848D00B7F662 /* XIBs */ = {
			isa = PBXGroup;
			children = (
				24E8404B266EAA5A008C589F /* SellYourListingTableViewCell.xib */,
				24A81397265C46B00061CCFA /* YourListingsTableViewCell.xib */,
				24A8138C265C266E0061CCFA /* SellYourListingTableViewHeader.xib */,
				244BC50326583BA000D70129 /* SwipeableCardView.xib */,
				244BC4E62657F76A00D70129 /* CardView.xib */,
			);
			path = XIBs;
			sourceTree = "<group>";
		};
		86FA0278985C9428CAC52AE5 /* Pods */ = {
			isa = PBXGroup;
			children = (
				590155939E8703313D182808 /* Pods-Lets get thrifty.debug.xcconfig */,
				9E6232C25A90F81E9670D49A /* Pods-Lets get thrifty.release.xcconfig */,
				DE2869436D619C97BBCBE397 /* Pods-Lets get thrifty-Lets get thriftyUITests.debug.xcconfig */,
				E6CB70AF31ED45FC6B5CEA6E /* Pods-Lets get thrifty-Lets get thriftyUITests.release.xcconfig */,
				22569584020262CF24A429CA /* Pods-Lets get thriftyTests.debug.xcconfig */,
				277CAB691D356B616E30CC79 /* Pods-Lets get thriftyTests.release.xcconfig */,
			);
			path = Pods;
			sourceTree = "<group>";
		};
/* End PBXGroup section */

/* Begin PBXNativeTarget section */
		2437F2AF263483E000F53F86 /* Lets get thrifty */ = {
			isa = PBXNativeTarget;
			buildConfigurationList = 2437F2DA263483E600F53F86 /* Build configuration list for PBXNativeTarget "Lets get thrifty" */;
			buildPhases = (
				4E40321D5D1511C64079F397 /* [CP] Check Pods Manifest.lock */,
				2437F2AC263483E000F53F86 /* Sources */,
				2437F2AD263483E000F53F86 /* Frameworks */,
				2437F2AE263483E000F53F86 /* Resources */,
				2E5A67A0F78D24D2AF580DEA /* [CP] Embed Pods Frameworks */,
			);
			buildRules = (
			);
			dependencies = (
			);
			name = "Lets get thrifty";
			productName = "Lets get thrifty";
			productReference = 2437F2B0263483E000F53F86 /* Lets get thrifty.app */;
			productType = "com.apple.product-type.application";
		};
		2437F2C5263483E600F53F86 /* Lets get thriftyTests */ = {
			isa = PBXNativeTarget;
			buildConfigurationList = 2437F2DD263483E600F53F86 /* Build configuration list for PBXNativeTarget "Lets get thriftyTests" */;
			buildPhases = (
				422D59859C4B2C8E6B15DA03 /* [CP] Check Pods Manifest.lock */,
				2437F2C2263483E600F53F86 /* Sources */,
				2437F2C3263483E600F53F86 /* Frameworks */,
				2437F2C4263483E600F53F86 /* Resources */,
			);
			buildRules = (
			);
			dependencies = (
				2437F2C8263483E600F53F86 /* PBXTargetDependency */,
			);
			name = "Lets get thriftyTests";
			productName = "Lets get thriftyTests";
			productReference = 2437F2C6263483E600F53F86 /* Lets get thriftyTests.xctest */;
			productType = "com.apple.product-type.bundle.unit-test";
		};
		2437F2D0263483E600F53F86 /* Lets get thriftyUITests */ = {
			isa = PBXNativeTarget;
			buildConfigurationList = 2437F2E0263483E600F53F86 /* Build configuration list for PBXNativeTarget "Lets get thriftyUITests" */;
			buildPhases = (
				DA82D452A2D1EF996521CEFB /* [CP] Check Pods Manifest.lock */,
				2437F2CD263483E600F53F86 /* Sources */,
				2437F2CE263483E600F53F86 /* Frameworks */,
				2437F2CF263483E600F53F86 /* Resources */,
				1EB48632F90D5696F5CDE808 /* [CP] Embed Pods Frameworks */,
			);
			buildRules = (
			);
			dependencies = (
				2437F2D3263483E600F53F86 /* PBXTargetDependency */,
			);
			name = "Lets get thriftyUITests";
			productName = "Lets get thriftyUITests";
			productReference = 2437F2D1263483E600F53F86 /* Lets get thriftyUITests.xctest */;
			productType = "com.apple.product-type.bundle.ui-testing";
		};
/* End PBXNativeTarget section */

/* Begin PBXProject section */
		2437F2A8263483E000F53F86 /* Project object */ = {
			isa = PBXProject;
			attributes = {
				LastSwiftUpdateCheck = 1210;
				LastUpgradeCheck = 1210;
				TargetAttributes = {
					2437F2AF263483E000F53F86 = {
						CreatedOnToolsVersion = 12.1;
					};
					2437F2C5263483E600F53F86 = {
						CreatedOnToolsVersion = 12.1;
						TestTargetID = 2437F2AF263483E000F53F86;
					};
					2437F2D0263483E600F53F86 = {
						CreatedOnToolsVersion = 12.1;
						TestTargetID = 2437F2AF263483E000F53F86;
					};
				};
			};
			buildConfigurationList = 2437F2AB263483E000F53F86 /* Build configuration list for PBXProject "Lets get thrifty" */;
			compatibilityVersion = "Xcode 9.3";
			developmentRegion = en;
			hasScannedForEncodings = 0;
			knownRegions = (
				en,
				Base,
			);
			mainGroup = 2437F2A7263483E000F53F86;
			productRefGroup = 2437F2B1263483E000F53F86 /* Products */;
			projectDirPath = "";
			projectRoot = "";
			targets = (
				2437F2AF263483E000F53F86 /* Lets get thrifty */,
				2437F2C5263483E600F53F86 /* Lets get thriftyTests */,
				2437F2D0263483E600F53F86 /* Lets get thriftyUITests */,
			);
		};
/* End PBXProject section */

/* Begin PBXResourcesBuildPhase section */
		2437F2AE263483E000F53F86 /* Resources */ = {
			isa = PBXResourcesBuildPhase;
			buildActionMask = 2147483647;
			files = (
				24FD6DB0264F01BF000FD454 /* error.json in Resources */,
				2437F2C0263483E500F53F86 /* LaunchScreen.storyboard in Resources */,
				2437F32D2634B98200F53F86 /* online_shopping_delivery_lottie.json in Resources */,
				2437F2BD263483E500F53F86 /* Assets.xcassets in Resources */,
				24FD6DAB264F01B0000FD454 /* warning.json in Resources */,
				244BC50526583BA000D70129 /* SwipeableCardView.xib in Resources */,
				249326712641E66B007FB424 /* GoogleService-Info.plist in Resources */,
				241C5664266BD61B00DE41A5 /* Success.json in Resources */,
				244BC4E72657F76A00D70129 /* CardView.xib in Resources */,
				24C0D55126543E2E008E398A /* Sell.storyboard in Resources */,
				24A81399265C46B00061CCFA /* YourListingsTableViewCell.xib in Resources */,
				2437F3432635B69B00F53F86 /* sneaker-outlined.json in Resources */,
				24C0D54726543E08008E398A /* Home.storyboard in Resources */,
				2437F2BB263483E000F53F86 /* Launch.storyboard in Resources */,
				24C0D54C26543E1C008E398A /* Settings.storyboard in Resources */,
				24C0D55B26543EC1008E398A /* Swipe.storyboard in Resources */,
				2437F31F2634AEBF00F53F86 /* Rocket_Launch_Lottie.json in Resources */,
				24FD6DA1264EF916000FD454 /* Others.storyboard in Resources */,
				24E8404D266EAA5A008C589F /* SellYourListingTableViewCell.xib in Resources */,
				24C0D55626543E7F008E398A /* WishList.storyboard in Resources */,
				24A8138D265C266E0061CCFA /* SellYourListingTableViewHeader.xib in Resources */,
				24C0D54226543B1B008E398A /* TabBarStoryboard.storyboard in Resources */,
				2437F33B263596E300F53F86 /* LoginOrSignUp.storyboard in Resources */,
				24FD6D99264EF6C1000FD454 /* Loader.json in Resources */,
			);
			runOnlyForDeploymentPostprocessing = 0;
		};
		2437F2C4263483E600F53F86 /* Resources */ = {
			isa = PBXResourcesBuildPhase;
			buildActionMask = 2147483647;
			files = (
			);
			runOnlyForDeploymentPostprocessing = 0;
		};
		2437F2CF263483E600F53F86 /* Resources */ = {
			isa = PBXResourcesBuildPhase;
			buildActionMask = 2147483647;
			files = (
			);
			runOnlyForDeploymentPostprocessing = 0;
		};
/* End PBXResourcesBuildPhase section */

/* Begin PBXShellScriptBuildPhase section */
		1EB48632F90D5696F5CDE808 /* [CP] Embed Pods Frameworks */ = {
			isa = PBXShellScriptBuildPhase;
			buildActionMask = 2147483647;
			files = (
			);
			inputFileListPaths = (
				"${PODS_ROOT}/Target Support Files/Pods-Lets get thrifty-Lets get thriftyUITests/Pods-Lets get thrifty-Lets get thriftyUITests-frameworks-${CONFIGURATION}-input-files.xcfilelist",
			);
			name = "[CP] Embed Pods Frameworks";
			outputFileListPaths = (
				"${PODS_ROOT}/Target Support Files/Pods-Lets get thrifty-Lets get thriftyUITests/Pods-Lets get thrifty-Lets get thriftyUITests-frameworks-${CONFIGURATION}-output-files.xcfilelist",
			);
			runOnlyForDeploymentPostprocessing = 0;
			shellPath = /bin/sh;
			shellScript = "\"${PODS_ROOT}/Target Support Files/Pods-Lets get thrifty-Lets get thriftyUITests/Pods-Lets get thrifty-Lets get thriftyUITests-frameworks.sh\"\n";
			showEnvVarsInLog = 0;
		};
		2E5A67A0F78D24D2AF580DEA /* [CP] Embed Pods Frameworks */ = {
			isa = PBXShellScriptBuildPhase;
			buildActionMask = 2147483647;
			files = (
			);
			inputFileListPaths = (
				"${PODS_ROOT}/Target Support Files/Pods-Lets get thrifty/Pods-Lets get thrifty-frameworks-${CONFIGURATION}-input-files.xcfilelist",
			);
			name = "[CP] Embed Pods Frameworks";
			outputFileListPaths = (
				"${PODS_ROOT}/Target Support Files/Pods-Lets get thrifty/Pods-Lets get thrifty-frameworks-${CONFIGURATION}-output-files.xcfilelist",
			);
			runOnlyForDeploymentPostprocessing = 0;
			shellPath = /bin/sh;
			shellScript = "\"${PODS_ROOT}/Target Support Files/Pods-Lets get thrifty/Pods-Lets get thrifty-frameworks.sh\"\n";
			showEnvVarsInLog = 0;
		};
		422D59859C4B2C8E6B15DA03 /* [CP] Check Pods Manifest.lock */ = {
			isa = PBXShellScriptBuildPhase;
			buildActionMask = 2147483647;
			files = (
			);
			inputFileListPaths = (
			);
			inputPaths = (
				"${PODS_PODFILE_DIR_PATH}/Podfile.lock",
				"${PODS_ROOT}/Manifest.lock",
			);
			name = "[CP] Check Pods Manifest.lock";
			outputFileListPaths = (
			);
			outputPaths = (
				"$(DERIVED_FILE_DIR)/Pods-Lets get thriftyTests-checkManifestLockResult.txt",
			);
			runOnlyForDeploymentPostprocessing = 0;
			shellPath = /bin/sh;
			shellScript = "diff \"${PODS_PODFILE_DIR_PATH}/Podfile.lock\" \"${PODS_ROOT}/Manifest.lock\" > /dev/null\nif [ $? != 0 ] ; then\n    # print error to STDERR\n    echo \"error: The sandbox is not in sync with the Podfile.lock. Run 'pod install' or update your CocoaPods installation.\" >&2\n    exit 1\nfi\n# This output is used by Xcode 'outputs' to avoid re-running this script phase.\necho \"SUCCESS\" > \"${SCRIPT_OUTPUT_FILE_0}\"\n";
			showEnvVarsInLog = 0;
		};
		4E40321D5D1511C64079F397 /* [CP] Check Pods Manifest.lock */ = {
			isa = PBXShellScriptBuildPhase;
			buildActionMask = 2147483647;
			files = (
			);
			inputFileListPaths = (
			);
			inputPaths = (
				"${PODS_PODFILE_DIR_PATH}/Podfile.lock",
				"${PODS_ROOT}/Manifest.lock",
			);
			name = "[CP] Check Pods Manifest.lock";
			outputFileListPaths = (
			);
			outputPaths = (
				"$(DERIVED_FILE_DIR)/Pods-Lets get thrifty-checkManifestLockResult.txt",
			);
			runOnlyForDeploymentPostprocessing = 0;
			shellPath = /bin/sh;
			shellScript = "diff \"${PODS_PODFILE_DIR_PATH}/Podfile.lock\" \"${PODS_ROOT}/Manifest.lock\" > /dev/null\nif [ $? != 0 ] ; then\n    # print error to STDERR\n    echo \"error: The sandbox is not in sync with the Podfile.lock. Run 'pod install' or update your CocoaPods installation.\" >&2\n    exit 1\nfi\n# This output is used by Xcode 'outputs' to avoid re-running this script phase.\necho \"SUCCESS\" > \"${SCRIPT_OUTPUT_FILE_0}\"\n";
			showEnvVarsInLog = 0;
		};
		DA82D452A2D1EF996521CEFB /* [CP] Check Pods Manifest.lock */ = {
			isa = PBXShellScriptBuildPhase;
			buildActionMask = 2147483647;
			files = (
			);
			inputFileListPaths = (
			);
			inputPaths = (
				"${PODS_PODFILE_DIR_PATH}/Podfile.lock",
				"${PODS_ROOT}/Manifest.lock",
			);
			name = "[CP] Check Pods Manifest.lock";
			outputFileListPaths = (
			);
			outputPaths = (
				"$(DERIVED_FILE_DIR)/Pods-Lets get thrifty-Lets get thriftyUITests-checkManifestLockResult.txt",
			);
			runOnlyForDeploymentPostprocessing = 0;
			shellPath = /bin/sh;
			shellScript = "diff \"${PODS_PODFILE_DIR_PATH}/Podfile.lock\" \"${PODS_ROOT}/Manifest.lock\" > /dev/null\nif [ $? != 0 ] ; then\n    # print error to STDERR\n    echo \"error: The sandbox is not in sync with the Podfile.lock. Run 'pod install' or update your CocoaPods installation.\" >&2\n    exit 1\nfi\n# This output is used by Xcode 'outputs' to avoid re-running this script phase.\necho \"SUCCESS\" > \"${SCRIPT_OUTPUT_FILE_0}\"\n";
			showEnvVarsInLog = 0;
		};
/* End PBXShellScriptBuildPhase section */

/* Begin PBXSourcesBuildPhase section */
		2437F2AC263483E000F53F86 /* Sources */ = {
			isa = PBXSourcesBuildPhase;
			buildActionMask = 2147483647;
			files = (
				244BC5492659414F00D70129 /* SwipeableCardViewContainer.swift in Sources */,
				24FD6D65264ED7C5000FD454 /* UserManager.swift in Sources */,
				244BC4F9265836CB00D70129 /* SwipeableCellModel.swift in Sources */,
				24FD6D5A264ECADD000FD454 /* WebserviceManager.swift in Sources */,
				24A81392265C26C60061CCFA /* SellYourListingTableViewHeader.swift in Sources */,
				5316821C268BA98500B7F662 /* ImageCollectionViewCell.swift in Sources */,
				24A8139E265C5FA10061CCFA /* AddListingViewController.swift in Sources */,
				244BC5392659385000D70129 /* CardSwipingViewController.swift in Sources */,
				24666D562666B1CD00125230 /* ListingDetailsModel.swift in Sources */,
				5316821E268CF8FA00B7F662 /* HeroHelper.swift in Sources */,
				53168218268A533900B7F662 /* SettingsViewModel.swift in Sources */,
				248C0FCF265EE705002349AA /* UploadImageBottomSheetController.swift in Sources */,
				2426C661264E7368001F1883 /* BaseViewController.swift in Sources */,
				246510362657B70D00D060FA /* CustomTabBarControllerViewController.swift in Sources */,
				24666D542665637600125230 /* AddYourAddressViewController.swift in Sources */,
				2493261E2640649A007FB424 /* LoginSignupViewController.swift in Sources */,
				539047022679178700313DBE /* ListingViewController.swift in Sources */,
				24C0D5352652EF3D008E398A /* SwiftExtensions.swift in Sources */,
				24C0D53D26543222008E398A /* RootControllerManager.swift in Sources */,
				244BC4EC2657F87400D70129 /* CardView.swift in Sources */,
				2437F2B8263483E000F53F86 /* SplashScreenVC.swift in Sources */,
				244BC50A26583BF800D70129 /* NibView.swift in Sources */,
				244BC53E265938D700D70129 /* CardSwipingViewModel.swift in Sources */,
				2437F2B4263483E000F53F86 /* AppDelegate.swift in Sources */,
				241488D42651BED70028A685 /* AuthReporitory.swift in Sources */,
				24FD6DB5264F05A0000FD454 /* LoginSignupViewModel.swift in Sources */,
				53904704267917AE00313DBE /* ListingViewModel.swift in Sources */,
				24E84047266E86D1008C589F /* AddListingNavigationController.swift in Sources */,
				24A81398265C46B00061CCFA /* YourListingsTableViewCell.swift in Sources */,
				5316821A268BA43F00B7F662 /* LocalStorageManager.swift in Sources */,
				244BC4FE26583B8000D70129 /* SwipeableView.swift in Sources */,
				24E84049266EA776008C589F /* GenericPaginationResponse.swift in Sources */,
				2437F2B6263483E000F53F86 /* SceneDelegate.swift in Sources */,
				24A81388265C251A0061CCFA /* SellYourListingViewModel.swift in Sources */,
				5359077C267B3E33000EC804 /* MapAnnotation.swift in Sources */,
				24FD6DA6264EF9E9000FD454 /* AlertViewController.swift in Sources */,
				24A813A3265C5FC90061CCFA /* AddListingViewModel.swift in Sources */,
				531682102687859200B7F662 /* SettingsViewController.swift in Sources */,
				248C0FCD265EDC34002349AA /* BottomSheetController.swift in Sources */,
				241488DC2651C6AF0028A685 /* UserModel.swift in Sources */,
				24FD6D6D264EF500000FD454 /* Helper.swift in Sources */,
				24C0D5302652E964008E398A /* LoginToken.swift in Sources */,
				241C565E2667F77400DE41A5 /* LisitngsRepository.swift in Sources */,
				244BC4F126581ED100D70129 /* SwipableCardHelperClasses.swift in Sources */,
				244BC50426583BA000D70129 /* SwipeableCardView.swift in Sources */,
				24666D582666B25F00125230 /* AddYourAddressViewModel.swift in Sources */,
				24FD6D91264EF633000FD454 /* Loader.swift in Sources */,
				24A81380265C20790061CCFA /* SellYourListingViewController.swift in Sources */,
				241C5662266925A500DE41A5 /* Listing.swift in Sources */,
				2426C669264E7391001F1883 /* BaseViewModel.swift in Sources */,
				241C565C2667F3CE00DE41A5 /* ListingWebModel.swift in Sources */,
				24E8404C266EAA5A008C589F /* SellYourListingTableViewCell.swift in Sources */,
				241488C726519EA60028A685 /* APIClient.swift in Sources */,
				24FD6D5F264ED5CE000FD454 /* Constants.swift in Sources */,
			);
			runOnlyForDeploymentPostprocessing = 0;
		};
		2437F2C2263483E600F53F86 /* Sources */ = {
			isa = PBXSourcesBuildPhase;
			buildActionMask = 2147483647;
			files = (
				2437F2CB263483E600F53F86 /* Lets_get_thriftyTests.swift in Sources */,
			);
			runOnlyForDeploymentPostprocessing = 0;
		};
		2437F2CD263483E600F53F86 /* Sources */ = {
			isa = PBXSourcesBuildPhase;
			buildActionMask = 2147483647;
			files = (
				2437F2D6263483E600F53F86 /* Lets_get_thriftyUITests.swift in Sources */,
			);
			runOnlyForDeploymentPostprocessing = 0;
		};
/* End PBXSourcesBuildPhase section */

/* Begin PBXTargetDependency section */
		2437F2C8263483E600F53F86 /* PBXTargetDependency */ = {
			isa = PBXTargetDependency;
			target = 2437F2AF263483E000F53F86 /* Lets get thrifty */;
			targetProxy = 2437F2C7263483E600F53F86 /* PBXContainerItemProxy */;
		};
		2437F2D3263483E600F53F86 /* PBXTargetDependency */ = {
			isa = PBXTargetDependency;
			target = 2437F2AF263483E000F53F86 /* Lets get thrifty */;
			targetProxy = 2437F2D2263483E600F53F86 /* PBXContainerItemProxy */;
		};
/* End PBXTargetDependency section */

/* Begin PBXVariantGroup section */
		2437F2B9263483E000F53F86 /* Launch.storyboard */ = {
			isa = PBXVariantGroup;
			children = (
				2437F2BA263483E000F53F86 /* Base */,
			);
			name = Launch.storyboard;
			sourceTree = "<group>";
		};
		2437F2BE263483E500F53F86 /* LaunchScreen.storyboard */ = {
			isa = PBXVariantGroup;
			children = (
				2437F2BF263483E500F53F86 /* Base */,
			);
			name = LaunchScreen.storyboard;
			sourceTree = "<group>";
		};
/* End PBXVariantGroup section */

/* Begin XCBuildConfiguration section */
		2437F2D8263483E600F53F86 /* Debug */ = {
			isa = XCBuildConfiguration;
			buildSettings = {
				ALWAYS_SEARCH_USER_PATHS = NO;
				CLANG_ANALYZER_NONNULL = YES;
				CLANG_ANALYZER_NUMBER_OBJECT_CONVERSION = YES_AGGRESSIVE;
				CLANG_CXX_LANGUAGE_STANDARD = "gnu++14";
				CLANG_CXX_LIBRARY = "libc++";
				CLANG_ENABLE_MODULES = YES;
				CLANG_ENABLE_OBJC_ARC = YES;
				CLANG_ENABLE_OBJC_WEAK = YES;
				CLANG_WARN_BLOCK_CAPTURE_AUTORELEASING = YES;
				CLANG_WARN_BOOL_CONVERSION = YES;
				CLANG_WARN_COMMA = YES;
				CLANG_WARN_CONSTANT_CONVERSION = YES;
				CLANG_WARN_DEPRECATED_OBJC_IMPLEMENTATIONS = YES;
				CLANG_WARN_DIRECT_OBJC_ISA_USAGE = YES_ERROR;
				CLANG_WARN_DOCUMENTATION_COMMENTS = YES;
				CLANG_WARN_EMPTY_BODY = YES;
				CLANG_WARN_ENUM_CONVERSION = YES;
				CLANG_WARN_INFINITE_RECURSION = YES;
				CLANG_WARN_INT_CONVERSION = YES;
				CLANG_WARN_NON_LITERAL_NULL_CONVERSION = YES;
				CLANG_WARN_OBJC_IMPLICIT_RETAIN_SELF = YES;
				CLANG_WARN_OBJC_LITERAL_CONVERSION = YES;
				CLANG_WARN_OBJC_ROOT_CLASS = YES_ERROR;
				CLANG_WARN_QUOTED_INCLUDE_IN_FRAMEWORK_HEADER = YES;
				CLANG_WARN_RANGE_LOOP_ANALYSIS = YES;
				CLANG_WARN_STRICT_PROTOTYPES = YES;
				CLANG_WARN_SUSPICIOUS_MOVE = YES;
				CLANG_WARN_UNGUARDED_AVAILABILITY = YES_AGGRESSIVE;
				CLANG_WARN_UNREACHABLE_CODE = YES;
				CLANG_WARN__DUPLICATE_METHOD_MATCH = YES;
				COPY_PHASE_STRIP = NO;
				DEBUG_INFORMATION_FORMAT = dwarf;
				ENABLE_STRICT_OBJC_MSGSEND = YES;
				ENABLE_TESTABILITY = YES;
				GCC_C_LANGUAGE_STANDARD = gnu11;
				GCC_DYNAMIC_NO_PIC = NO;
				GCC_NO_COMMON_BLOCKS = YES;
				GCC_OPTIMIZATION_LEVEL = 0;
				GCC_PREPROCESSOR_DEFINITIONS = (
					"DEBUG=1",
					"$(inherited)",
				);
				GCC_WARN_64_TO_32_BIT_CONVERSION = YES;
				GCC_WARN_ABOUT_RETURN_TYPE = YES_ERROR;
				GCC_WARN_UNDECLARED_SELECTOR = YES;
				GCC_WARN_UNINITIALIZED_AUTOS = YES_AGGRESSIVE;
				GCC_WARN_UNUSED_FUNCTION = YES;
				GCC_WARN_UNUSED_VARIABLE = YES;
				IPHONEOS_DEPLOYMENT_TARGET = 14.1;
				MTL_ENABLE_DEBUG_INFO = INCLUDE_SOURCE;
				MTL_FAST_MATH = YES;
				ONLY_ACTIVE_ARCH = YES;
				SDKROOT = iphoneos;
				SWIFT_ACTIVE_COMPILATION_CONDITIONS = DEBUG;
				SWIFT_OPTIMIZATION_LEVEL = "-Onone";
			};
			name = Debug;
		};
		2437F2D9263483E600F53F86 /* Release */ = {
			isa = XCBuildConfiguration;
			buildSettings = {
				ALWAYS_SEARCH_USER_PATHS = NO;
				CLANG_ANALYZER_NONNULL = YES;
				CLANG_ANALYZER_NUMBER_OBJECT_CONVERSION = YES_AGGRESSIVE;
				CLANG_CXX_LANGUAGE_STANDARD = "gnu++14";
				CLANG_CXX_LIBRARY = "libc++";
				CLANG_ENABLE_MODULES = YES;
				CLANG_ENABLE_OBJC_ARC = YES;
				CLANG_ENABLE_OBJC_WEAK = YES;
				CLANG_WARN_BLOCK_CAPTURE_AUTORELEASING = YES;
				CLANG_WARN_BOOL_CONVERSION = YES;
				CLANG_WARN_COMMA = YES;
				CLANG_WARN_CONSTANT_CONVERSION = YES;
				CLANG_WARN_DEPRECATED_OBJC_IMPLEMENTATIONS = YES;
				CLANG_WARN_DIRECT_OBJC_ISA_USAGE = YES_ERROR;
				CLANG_WARN_DOCUMENTATION_COMMENTS = YES;
				CLANG_WARN_EMPTY_BODY = YES;
				CLANG_WARN_ENUM_CONVERSION = YES;
				CLANG_WARN_INFINITE_RECURSION = YES;
				CLANG_WARN_INT_CONVERSION = YES;
				CLANG_WARN_NON_LITERAL_NULL_CONVERSION = YES;
				CLANG_WARN_OBJC_IMPLICIT_RETAIN_SELF = YES;
				CLANG_WARN_OBJC_LITERAL_CONVERSION = YES;
				CLANG_WARN_OBJC_ROOT_CLASS = YES_ERROR;
				CLANG_WARN_QUOTED_INCLUDE_IN_FRAMEWORK_HEADER = YES;
				CLANG_WARN_RANGE_LOOP_ANALYSIS = YES;
				CLANG_WARN_STRICT_PROTOTYPES = YES;
				CLANG_WARN_SUSPICIOUS_MOVE = YES;
				CLANG_WARN_UNGUARDED_AVAILABILITY = YES_AGGRESSIVE;
				CLANG_WARN_UNREACHABLE_CODE = YES;
				CLANG_WARN__DUPLICATE_METHOD_MATCH = YES;
				COPY_PHASE_STRIP = NO;
				DEBUG_INFORMATION_FORMAT = "dwarf-with-dsym";
				ENABLE_NS_ASSERTIONS = NO;
				ENABLE_STRICT_OBJC_MSGSEND = YES;
				GCC_C_LANGUAGE_STANDARD = gnu11;
				GCC_NO_COMMON_BLOCKS = YES;
				GCC_WARN_64_TO_32_BIT_CONVERSION = YES;
				GCC_WARN_ABOUT_RETURN_TYPE = YES_ERROR;
				GCC_WARN_UNDECLARED_SELECTOR = YES;
				GCC_WARN_UNINITIALIZED_AUTOS = YES_AGGRESSIVE;
				GCC_WARN_UNUSED_FUNCTION = YES;
				GCC_WARN_UNUSED_VARIABLE = YES;
				IPHONEOS_DEPLOYMENT_TARGET = 14.1;
				MTL_ENABLE_DEBUG_INFO = NO;
				MTL_FAST_MATH = YES;
				SDKROOT = iphoneos;
				SWIFT_COMPILATION_MODE = wholemodule;
				SWIFT_OPTIMIZATION_LEVEL = "-O";
				VALIDATE_PRODUCT = YES;
			};
			name = Release;
		};
		2437F2DB263483E600F53F86 /* Debug */ = {
			isa = XCBuildConfiguration;
			baseConfigurationReference = 590155939E8703313D182808 /* Pods-Lets get thrifty.debug.xcconfig */;
			buildSettings = {
				ASSETCATALOG_COMPILER_APPICON_NAME = AppIcon;
				ASSETCATALOG_COMPILER_GLOBAL_ACCENT_COLOR_NAME = AccentColor;
				CODE_SIGN_STYLE = Automatic;
				DEVELOPMENT_TEAM = 27C7DA53T9;
				INFOPLIST_FILE = "Lets get thrifty/plist/Info.plist";
				IPHONEOS_DEPLOYMENT_TARGET = 13.0;
				LD_RUNPATH_SEARCH_PATHS = (
					"$(inherited)",
					"@executable_path/Frameworks",
				);
				PRODUCT_BUNDLE_IDENTIFIER = "com.ayush.practice.Lets-get-thrifty";
				PRODUCT_NAME = "$(TARGET_NAME)";
				SWIFT_VERSION = 5.0;
				TARGETED_DEVICE_FAMILY = 1;
			};
			name = Debug;
		};
		2437F2DC263483E600F53F86 /* Release */ = {
			isa = XCBuildConfiguration;
			baseConfigurationReference = 9E6232C25A90F81E9670D49A /* Pods-Lets get thrifty.release.xcconfig */;
			buildSettings = {
				ASSETCATALOG_COMPILER_APPICON_NAME = AppIcon;
				ASSETCATALOG_COMPILER_GLOBAL_ACCENT_COLOR_NAME = AccentColor;
				CODE_SIGN_STYLE = Automatic;
				DEVELOPMENT_TEAM = 27C7DA53T9;
				INFOPLIST_FILE = "Lets get thrifty/plist/Info.plist";
				IPHONEOS_DEPLOYMENT_TARGET = 13.0;
				LD_RUNPATH_SEARCH_PATHS = (
					"$(inherited)",
					"@executable_path/Frameworks",
				);
				PRODUCT_BUNDLE_IDENTIFIER = "com.ayush.practice.Lets-get-thrifty";
				PRODUCT_NAME = "$(TARGET_NAME)";
				SWIFT_VERSION = 5.0;
				TARGETED_DEVICE_FAMILY = 1;
			};
			name = Release;
		};
		2437F2DE263483E600F53F86 /* Debug */ = {
			isa = XCBuildConfiguration;
			baseConfigurationReference = 22569584020262CF24A429CA /* Pods-Lets get thriftyTests.debug.xcconfig */;
			buildSettings = {
				BUNDLE_LOADER = "$(TEST_HOST)";
				CODE_SIGN_STYLE = Automatic;
				DEVELOPMENT_TEAM = 27C7DA53T9;
				INFOPLIST_FILE = "Lets get thriftyTests/Info.plist";
				IPHONEOS_DEPLOYMENT_TARGET = 14.1;
				LD_RUNPATH_SEARCH_PATHS = (
					"$(inherited)",
					"@executable_path/Frameworks",
					"@loader_path/Frameworks",
				);
				PRODUCT_BUNDLE_IDENTIFIER = "com.ayush.practice.Lets-get-thriftyTests";
				PRODUCT_NAME = "$(TARGET_NAME)";
				SWIFT_VERSION = 5.0;
				TARGETED_DEVICE_FAMILY = "1,2";
				TEST_HOST = "$(BUILT_PRODUCTS_DIR)/Lets get thrifty.app/Lets get thrifty";
			};
			name = Debug;
		};
		2437F2DF263483E600F53F86 /* Release */ = {
			isa = XCBuildConfiguration;
			baseConfigurationReference = 277CAB691D356B616E30CC79 /* Pods-Lets get thriftyTests.release.xcconfig */;
			buildSettings = {
				BUNDLE_LOADER = "$(TEST_HOST)";
				CODE_SIGN_STYLE = Automatic;
				DEVELOPMENT_TEAM = 27C7DA53T9;
				INFOPLIST_FILE = "Lets get thriftyTests/Info.plist";
				IPHONEOS_DEPLOYMENT_TARGET = 14.1;
				LD_RUNPATH_SEARCH_PATHS = (
					"$(inherited)",
					"@executable_path/Frameworks",
					"@loader_path/Frameworks",
				);
				PRODUCT_BUNDLE_IDENTIFIER = "com.ayush.practice.Lets-get-thriftyTests";
				PRODUCT_NAME = "$(TARGET_NAME)";
				SWIFT_VERSION = 5.0;
				TARGETED_DEVICE_FAMILY = "1,2";
				TEST_HOST = "$(BUILT_PRODUCTS_DIR)/Lets get thrifty.app/Lets get thrifty";
			};
			name = Release;
		};
		2437F2E1263483E600F53F86 /* Debug */ = {
			isa = XCBuildConfiguration;
			baseConfigurationReference = DE2869436D619C97BBCBE397 /* Pods-Lets get thrifty-Lets get thriftyUITests.debug.xcconfig */;
			buildSettings = {
				CODE_SIGN_STYLE = Automatic;
				DEVELOPMENT_TEAM = 27C7DA53T9;
				INFOPLIST_FILE = "Lets get thriftyUITests/Info.plist";
				LD_RUNPATH_SEARCH_PATHS = (
					"$(inherited)",
					"@executable_path/Frameworks",
					"@loader_path/Frameworks",
				);
				PRODUCT_BUNDLE_IDENTIFIER = "com.ayush.practice.Lets-get-thriftyUITests";
				PRODUCT_NAME = "$(TARGET_NAME)";
				SWIFT_VERSION = 5.0;
				TARGETED_DEVICE_FAMILY = "1,2";
				TEST_TARGET_NAME = "Lets get thrifty";
			};
			name = Debug;
		};
		2437F2E2263483E600F53F86 /* Release */ = {
			isa = XCBuildConfiguration;
			baseConfigurationReference = E6CB70AF31ED45FC6B5CEA6E /* Pods-Lets get thrifty-Lets get thriftyUITests.release.xcconfig */;
			buildSettings = {
				CODE_SIGN_STYLE = Automatic;
				DEVELOPMENT_TEAM = 27C7DA53T9;
				INFOPLIST_FILE = "Lets get thriftyUITests/Info.plist";
				LD_RUNPATH_SEARCH_PATHS = (
					"$(inherited)",
					"@executable_path/Frameworks",
					"@loader_path/Frameworks",
				);
				PRODUCT_BUNDLE_IDENTIFIER = "com.ayush.practice.Lets-get-thriftyUITests";
				PRODUCT_NAME = "$(TARGET_NAME)";
				SWIFT_VERSION = 5.0;
				TARGETED_DEVICE_FAMILY = "1,2";
				TEST_TARGET_NAME = "Lets get thrifty";
			};
			name = Release;
		};
/* End XCBuildConfiguration section */

/* Begin XCConfigurationList section */
		2437F2AB263483E000F53F86 /* Build configuration list for PBXProject "Lets get thrifty" */ = {
			isa = XCConfigurationList;
			buildConfigurations = (
				2437F2D8263483E600F53F86 /* Debug */,
				2437F2D9263483E600F53F86 /* Release */,
			);
			defaultConfigurationIsVisible = 0;
			defaultConfigurationName = Release;
		};
		2437F2DA263483E600F53F86 /* Build configuration list for PBXNativeTarget "Lets get thrifty" */ = {
			isa = XCConfigurationList;
			buildConfigurations = (
				2437F2DB263483E600F53F86 /* Debug */,
				2437F2DC263483E600F53F86 /* Release */,
			);
			defaultConfigurationIsVisible = 0;
			defaultConfigurationName = Release;
		};
		2437F2DD263483E600F53F86 /* Build configuration list for PBXNativeTarget "Lets get thriftyTests" */ = {
			isa = XCConfigurationList;
			buildConfigurations = (
				2437F2DE263483E600F53F86 /* Debug */,
				2437F2DF263483E600F53F86 /* Release */,
			);
			defaultConfigurationIsVisible = 0;
			defaultConfigurationName = Release;
		};
		2437F2E0263483E600F53F86 /* Build configuration list for PBXNativeTarget "Lets get thriftyUITests" */ = {
			isa = XCConfigurationList;
			buildConfigurations = (
				2437F2E1263483E600F53F86 /* Debug */,
				2437F2E2263483E600F53F86 /* Release */,
			);
			defaultConfigurationIsVisible = 0;
			defaultConfigurationName = Release;
		};
/* End XCConfigurationList section */
	};
	rootObject = 2437F2A8263483E000F53F86 /* Project object */;
}
